
Microsoft Visual Studio Solution File, Format Version 12.00
# Visual Studio Version 17
VisualStudioVersion = 17.3.32804.467
MinimumVisualStudioVersion = 10.0.40219.1
Project("{FAE04EC0-301F-11D3-BF4B-00C04F79EFBC}") = "MehrereFormulare", "MehrereFormulare\MehrereFormulare.csproj", "{D74E0AC4-3F45-4FB1-A8E4-B590CCC95B8B}"
EndProject
Global
	GlobalSection(SolutionConfigurationPlatforms) = preSolution
		Debug|Any CPU = Debug|Any CPU
		Release|Any CPU = Release|Any CPU
	EndGlobalSection
	GlobalSection(ProjectConfigurationPlatforms) = postSolution
		{D74E0AC4-3F45-4FB1-A8E4-B590CCC95B8B}.Debug|Any CPU.ActiveCfg = Debug|Any CPU
		{D74E0AC4-3F45-4FB1-A8E4-B590CCC95B8B}.Debug|Any CPU.Build.0 = Debug|Any CPU
		{D74E0AC4-3F45-4FB1-A8E4-B590CCC95B8B}.Release|Any CPU.ActiveCfg = Release|Any CPU
		{D74E0AC4-3F45-4FB1-A8E4-B590CCC95B8B}.Release|Any CPU.Build.0 = Release|Any CPU
	EndGlobalSection
	GlobalSection(SolutionProperties) = preSolution
		HideSolutionNode = FALSE
	EndGlobalSection
	GlobalSection(ExtensibilityGlobals) = postSolution
		SolutionGuid = {83737DD8-14AD-4F50-9FB7-8F24989F3BFB}
	EndGlobalSection
EndGlobal
